
Microsoft Visual Studio Solution File, Format Version 12.00
# Visual Studio Version 17
VisualStudioVersion = 17.13.35818.85
MinimumVisualStudioVersion = 10.0.40219.1
Project("{FAE04EC0-301F-11D3-BF4B-00C04F79EFBC}") = "SOAPApi", "SOAPApi\SOAPApi.csproj", "{284C4BD6-9125-4BE4-912C-57D67BA1B068}"
EndProject
Project("{FAE04EC0-301F-11D3-BF4B-00C04F79EFBC}") = "SOAPApi.Data", "SOAPApi.Data\SOAPApi.Data.csproj", "{21EA5F3F-B31B-43E5-BD2E-232D9BC083DF}"
EndProject
Global
	GlobalSection(SolutionConfigurationPlatforms) = preSolution
		Debug|Any CPU = Debug|Any CPU
		Release|Any CPU = Release|Any CPU
	EndGlobalSection
	GlobalSection(ProjectConfigurationPlatforms) = postSolution
		{284C4BD6-9125-4BE4-912C-57D67BA1B068}.Debug|Any CPU.ActiveCfg = Debug|Any CPU
		{284C4BD6-9125-4BE4-912C-57D67BA1B068}.Debug|Any CPU.Build.0 = Debug|Any CPU
		{284C4BD6-9125-4BE4-912C-57D67BA1B068}.Release|Any CPU.ActiveCfg = Release|Any CPU
		{284C4BD6-9125-4BE4-912C-57D67BA1B068}.Release|Any CPU.Build.0 = Release|Any CPU
		{21EA5F3F-B31B-43E5-BD2E-232D9BC083DF}.Debug|Any CPU.ActiveCfg = Debug|Any CPU
		{21EA5F3F-B31B-43E5-BD2E-232D9BC083DF}.Debug|Any CPU.Build.0 = Debug|Any CPU
		{21EA5F3F-B31B-43E5-BD2E-232D9BC083DF}.Release|Any CPU.ActiveCfg = Release|Any CPU
		{21EA5F3F-B31B-43E5-BD2E-232D9BC083DF}.Release|Any CPU.Build.0 = Release|Any CPU
	EndGlobalSection
	GlobalSection(SolutionProperties) = preSolution
		HideSolutionNode = FALSE
	EndGlobalSection
	GlobalSection(ExtensibilityGlobals) = postSolution
		SolutionGuid = {5B36BBD3-FC5E-4D70-A29F-8E5649565517}
	EndGlobalSection
EndGlobal
